
Microsoft Visual Studio Solution File, Format Version 12.00
# Visual Studio Version 17
VisualStudioVersion = 17.5.002.0
MinimumVisualStudioVersion = 10.0.40219.1
Project("{9A19103F-16F7-4668-BE54-9A1E7A4F7556}") = "darkmode", "darkmode.csproj", "{C60A1DB3-95F9-4673-A4E7-C1FE73FC5104}"
EndProject
Global
	GlobalSection(SolutionConfigurationPlatforms) = preSolution
		Debug|Any CPU = Debug|Any CPU
		Release|Any CPU = Release|Any CPU
	EndGlobalSection
	GlobalSection(ProjectConfigurationPlatforms) = postSolution
		{C60A1DB3-95F9-4673-A4E7-C1FE73FC5104}.Debug|Any CPU.ActiveCfg = Debug|Any CPU
		{C60A1DB3-95F9-4673-A4E7-C1FE73FC5104}.Debug|Any CPU.Build.0 = Debug|Any CPU
		{C60A1DB3-95F9-4673-A4E7-C1FE73FC5104}.Release|Any CPU.ActiveCfg = Release|Any CPU
		{C60A1DB3-95F9-4673-A4E7-C1FE73FC5104}.Release|Any CPU.Build.0 = Release|Any CPU
	EndGlobalSection
	GlobalSection(SolutionProperties) = preSolution
		HideSolutionNode = FALSE
	EndGlobalSection
	GlobalSection(ExtensibilityGlobals) = postSolution
		SolutionGuid = {327D06BF-FB9E-4774-A532-8F054688F11E}
	EndGlobalSection
EndGlobal
